
Microsoft Visual Studio Solution File, Format Version 12.00
# Visual Studio Version 17
VisualStudioVersion = 17.9.34728.123
MinimumVisualStudioVersion = 10.0.40219.1
Project("{FAE04EC0-301F-11D3-BF4B-00C04F79EFBC}") = "lab 14", "lab 14.csproj", "{20274161-7A57-4131-AF74-9591EC792BB4}"
EndProject
Global
	GlobalSection(SolutionConfigurationPlatforms) = preSolution
		Debug|Any CPU = Debug|Any CPU
		Release|Any CPU = Release|Any CPU
	EndGlobalSection
	GlobalSection(ProjectConfigurationPlatforms) = postSolution
		{20274161-7A57-4131-AF74-9591EC792BB4}.Debug|Any CPU.ActiveCfg = Debug|Any CPU
		{20274161-7A57-4131-AF74-9591EC792BB4}.Debug|Any CPU.Build.0 = Debug|Any CPU
		{20274161-7A57-4131-AF74-9591EC792BB4}.Release|Any CPU.ActiveCfg = Release|Any CPU
		{20274161-7A57-4131-AF74-9591EC792BB4}.Release|Any CPU.Build.0 = Release|Any CPU
	EndGlobalSection
	GlobalSection(SolutionProperties) = preSolution
		HideSolutionNode = FALSE
	EndGlobalSection
	GlobalSection(ExtensibilityGlobals) = postSolution
		SolutionGuid = {D13834BA-56D3-4986-8D58-19B73A4448F1}
	EndGlobalSection
EndGlobal
